
Microsoft Visual Studio Solution File, Format Version 12.00
# Visual Studio Version 16
VisualStudioVersion = 16.0.36324.18
MinimumVisualStudioVersion = 10.0.40219.1
Project("{FAE04EC0-301F-11D3-BF4B-00C04F79EFBC}") = "raiz_potencia", "raiz_potencia\raiz_potencia.csproj", "{F1D3C6EB-8E0C-4565-9437-8EAB170758E4}"
EndProject
Global
	GlobalSection(SolutionConfigurationPlatforms) = preSolution
		Debug|Any CPU = Debug|Any CPU
		Release|Any CPU = Release|Any CPU
	EndGlobalSection
	GlobalSection(ProjectConfigurationPlatforms) = postSolution
		{F1D3C6EB-8E0C-4565-9437-8EAB170758E4}.Debug|Any CPU.ActiveCfg = Debug|Any CPU
		{F1D3C6EB-8E0C-4565-9437-8EAB170758E4}.Debug|Any CPU.Build.0 = Debug|Any CPU
		{F1D3C6EB-8E0C-4565-9437-8EAB170758E4}.Release|Any CPU.ActiveCfg = Release|Any CPU
		{F1D3C6EB-8E0C-4565-9437-8EAB170758E4}.Release|Any CPU.Build.0 = Release|Any CPU
	EndGlobalSection
	GlobalSection(SolutionProperties) = preSolution
		HideSolutionNode = FALSE
	EndGlobalSection
	GlobalSection(ExtensibilityGlobals) = postSolution
		SolutionGuid = {D26EAF9E-6368-4A23-8667-1F486FE80C7E}
	EndGlobalSection
EndGlobal
