
Microsoft Visual Studio Solution File, Format Version 12.00
# Visual Studio Version 16
VisualStudioVersion = 16.0.36324.18
MinimumVisualStudioVersion = 10.0.40219.1
Project("{FAE04EC0-301F-11D3-BF4B-00C04F79EFBC}") = "davi_Teorema", "davi_Teorema\davi_Teorema.csproj", "{0D6AA664-0DA1-4E96-AB12-94BA2BBCDDEE}"
EndProject
Global
	GlobalSection(SolutionConfigurationPlatforms) = preSolution
		Debug|Any CPU = Debug|Any CPU
		Release|Any CPU = Release|Any CPU
	EndGlobalSection
	GlobalSection(ProjectConfigurationPlatforms) = postSolution
		{0D6AA664-0DA1-4E96-AB12-94BA2BBCDDEE}.Debug|Any CPU.ActiveCfg = Debug|Any CPU
		{0D6AA664-0DA1-4E96-AB12-94BA2BBCDDEE}.Debug|Any CPU.Build.0 = Debug|Any CPU
		{0D6AA664-0DA1-4E96-AB12-94BA2BBCDDEE}.Release|Any CPU.ActiveCfg = Release|Any CPU
		{0D6AA664-0DA1-4E96-AB12-94BA2BBCDDEE}.Release|Any CPU.Build.0 = Release|Any CPU
	EndGlobalSection
	GlobalSection(SolutionProperties) = preSolution
		HideSolutionNode = FALSE
	EndGlobalSection
	GlobalSection(ExtensibilityGlobals) = postSolution
		SolutionGuid = {C1180BFD-0835-43CF-AFBC-FFD540E6731C}
	EndGlobalSection
EndGlobal
